<?xml version="1.0" encoding="utf-8"?>
<Project ToolsVersion="4.0" xmlns="http://schemas.microsoft.com/developer/msbuild/2003">
  <ItemGroup>
    <Filter Include="Source Files">
      <UniqueIdentifier>{4FC737F1-C7A5-4376-A066-2A32D752A2FF}</UniqueIdentifier>
      <Extensions>cpp;c;cc;cxx;c++;cppm;ixx;def;odl;idl;hpj;bat;asm;asmx</Extensions>
    </Filter>
    <Filter Include="Header Files">
      <UniqueIdentifier>{93995380-89BD-4b04-88EB-625FBE52EBFB}</UniqueIdentifier>
      <Extensions>h;hh;hpp;hxx;h++;hm;inl;inc;ipp;xsd</Extensions>
    </Filter>
    <Filter Include="Resource Files">
      <UniqueIdentifier>{67DA6AB6-F800-4c08-8B7A-83BB121AAD01}</UniqueIdentifier>
      <Extensions>rc;ico;cur;bmp;dlg;rc2;rct;bin;rgs;gif;jpg;jpeg;jpe;resx;tiff;tif;png;wav;mfcribbon-ms</Extensions>
    </Filter>
  </ItemGroup>
  <ItemGroup>
    <ClCompile Include="재귀 함수.cpp">
      <Filter>Source Files</Filter>
    </ClCompile>
    <ClCompile Include="순열_1.cpp">
      <Filter>Source Files</Filter>
    </ClCompile>
    <ClCompile Include="순열_by_재귀함수.cpp">
      <Filter>Source Files</Filter>
    </ClCompile>
    <ClCompile Include="조합 재귀.cpp">
      <Filter>Source Files</Filter>
    </ClCompile>
    <ClCompile Include="알고리즘 교안.cpp">
      <Filter>Source Files</Filter>
    </ClCompile>
    <ClCompile Include="조합_중첩_For.cpp">
      <Filter>Source Files</Filter>
    </ClCompile>
    <ClCompile Include="1주차. 복잡도, 재귀함수, 누적합, 구현.cpp">
      <Filter>Source Files</Filter>
    </ClCompile>
    <ClCompile Include="1_A 일곱난쟁이.cpp">
      <Filter>Source Files</Filter>
    </ClCompile>
    <ClCompile Include="1_B 알파벳 갯수.cpp">
      <Filter>Source Files</Filter>
    </ClCompile>
    <ClCompile Include="트럭주차.cpp">
      <Filter>Source Files</Filter>
    </ClCompile>
    <ClCompile Include="트램펄린인지 확인하기.cpp">
      <Filter>Source Files</Filter>
    </ClCompile>
    <ClCompile Include="농구 경기.cpp">
      <Filter>Source Files</Filter>
    </ClCompile>
    <ClCompile Include="ROT13.cpp">
      <Filter>Source Files</Filter>
    </ClCompile>
    <ClCompile Include="한국이 그리울 땐 서버에 접속하지 .cpp">
      <Filter>Source Files</Filter>
    </ClCompile>
    <ClCompile Include="수열.cpp">
      <Filter>Source Files</Filter>
    </ClCompile>
    <ClCompile Include="나는야 포켓몬 마스터 이다솜.cpp">
      <Filter>Source Files</Filter>
    </ClCompile>
    <ClCompile Include="패션왕 신해빈.cpp">
      <Filter>Source Files</Filter>
    </ClCompile>
    <ClCompile Include="팰린드롬 만들기.cpp">
      <Filter>Source Files</Filter>
    </ClCompile>
    <ClCompile Include="주몽.cpp">
      <Filter>Source Files</Filter>
    </ClCompile>
    <ClCompile Include="좋은단어.cpp">
      <Filter>Source Files</Filter>
    </ClCompile>
    <ClCompile Include="곱셈.cpp">
      <Filter>Source Files</Filter>
    </ClCompile>
    <ClCompile Include="1.cpp">
      <Filter>Source Files</Filter>
    </ClCompile>
    <ClCompile Include="2주차.cpp">
      <Filter>Source Files</Filter>
    </ClCompile>
    <ClCompile Include="미로찾기.cpp">
      <Filter>Source Files</Filter>
    </ClCompile>
    <ClCompile Include="유기농 배추.cpp">
      <Filter>Source Files</Filter>
    </ClCompile>
    <ClCompile Include="안전 영역.cpp">
      <Filter>Source Files</Filter>
    </ClCompile>
    <ClCompile Include="영역구하기.cpp">
      <Filter>Source Files</Filter>
    </ClCompile>
    <ClCompile Include="쿼드트리.cpp">
      <Filter>Source Files</Filter>
    </ClCompile>
    <ClCompile Include="사과 담기 게임.cpp">
      <Filter>Source Files</Filter>
    </ClCompile>
    <ClCompile Include="빈도 정렬.cpp">
      <Filter>Source Files</Filter>
    </ClCompile>
    <ClCompile Include="비밀번호 발음하기.cpp">
      <Filter>Source Files</Filter>
    </ClCompile>
    <ClCompile Include="수학숙제.cpp">
      <Filter>Source Files</Filter>
    </ClCompile>
    <ClCompile Include="기상캐스터 .cpp">
      <Filter>Source Files</Filter>
    </ClCompile>
    <ClCompile Include="NBA 농구.cpp">
      <Filter>Source Files</Filter>
    </ClCompile>
    <ClCompile Include="교수가 된 현우cpp.cpp">
      <Filter>Source Files</Filter>
    </ClCompile>
    <ClCompile Include="영화감독 숌.cpp">
      <Filter>Source Files</Filter>
    </ClCompile>
    <ClCompile Include="괄호.cpp">
      <Filter>Source Files</Filter>
    </ClCompile>
    <ClCompile Include="균형잡힌 세상.cpp">
      <Filter>Source Files</Filter>
    </ClCompile>
    <ClCompile Include="연구소.cpp">
      <Filter>Source Files</Filter>
    </ClCompile>
    <ClCompile Include="치즈.cpp">
      <Filter>Source Files</Filter>
    </ClCompile>
    <ClCompile Include="트리.cpp">
      <Filter>Source Files</Filter>
    </ClCompile>
    <ClCompile Include="효율적인 해킹.cpp">
      <Filter>Source Files</Filter>
    </ClCompile>
    <ClCompile Include="오큰수.cpp">
      <Filter>Source Files</Filter>
    </ClCompile>
    <ClCompile Include="컴백홈.cpp">
      <Filter>Source Files</Filter>
    </ClCompile>
    <ClCompile Include="치킨배달.cpp">
      <Filter>Source Files</Filter>
    </ClCompile>
    <ClCompile Include="보물섬.cpp">
      <Filter>Source Files</Filter>
    </ClCompile>
    <ClCompile Include="인구 이동.cpp">
      <Filter>Source Files</Filter>
    </ClCompile>
    <ClCompile Include="불!.cpp">
      <Filter>Source Files</Filter>
    </ClCompile>
    <ClCompile Include="FireTest.cpp">
      <Filter>Source Files</Filter>
    </ClCompile>
    <ClCompile Include="뮤탈리스크.cpp">
      <Filter>Source Files</Filter>
    </ClCompile>
    <ClCompile Include="괄호 추가하기.cpp">
      <Filter>Source Files</Filter>
    </ClCompile>
    <ClCompile Include="숨바꼭질2.cpp">
      <Filter>Source Files</Filter>
    </ClCompile>
    <ClCompile Include="숨바꼭질4.cpp">
      <Filter>Source Files</Filter>
    </ClCompile>
    <ClCompile Include="숨바꼭질 5.cpp">
      <Filter>Source Files</Filter>
    </ClCompile>
    <ClCompile Include="주난의 난.cpp">
      <Filter>Source Files</Filter>
    </ClCompile>
    <ClCompile Include="백조의 호수.cpp">
      <Filter>Source Files</Filter>
    </ClCompile>
    <ClCompile Include="Go.cpp">
      <Filter>Source Files</Filter>
    </ClCompile>
    <ClCompile Include="알파벳.cpp">
      <Filter>Source Files</Filter>
    </ClCompile>
    <ClCompile Include="부등호.cpp">
      <Filter>Source Files</Filter>
    </ClCompile>
  </ItemGroup>
</Project>